
Microsoft Visual Studio Solution File, Format Version 12.00
# Visual Studio Version 17
VisualStudioVersion = 17.9.34728.123
MinimumVisualStudioVersion = 10.0.40219.1
Project("{9A19103F-16F7-4668-BE54-9A1E7A4F7556}") = "CloudGame", "CloudGame\CloudGame.csproj", "{D6CCA20D-8333-4396-8141-695813F6F0D1}"
EndProject
Project("{9A19103F-16F7-4668-BE54-9A1E7A4F7556}") = "CloudGame.Storage", "CloudGame.Storage\CloudGame.Storage.csproj", "{F8A96BA7-CEE4-4B2F-A1F8-D904441DD8F0}"
EndProject
Project("{9A19103F-16F7-4668-BE54-9A1E7A4F7556}") = "CloudGame.Storage.MS_SQL", "CloudGame.Storage.MS_SQL\CloudGame.Storage.MS_SQL.csproj", "{7316D4E1-9158-43AD-83C2-D86D6886A23C}"
EndProject
Project("{9A19103F-16F7-4668-BE54-9A1E7A4F7556}") = "CloudGame.Logic", "CloudGame.Logic\CloudGame.Logic.csproj", "{C3ED07ED-1855-4CE2-9474-3B668479E1FB}"
EndProject
Project("{9A19103F-16F7-4668-BE54-9A1E7A4F7556}") = "CloudGame.Components", "CloudGame.Component\CloudGame.Components.csproj", "{042D852D-C461-4FBE-9F41-B99349AF8FEC}"
EndProject
Global
	GlobalSection(SolutionConfigurationPlatforms) = preSolution
		Debug|Any CPU = Debug|Any CPU
		Release|Any CPU = Release|Any CPU
	EndGlobalSection
	GlobalSection(ProjectConfigurationPlatforms) = postSolution
		{D6CCA20D-8333-4396-8141-695813F6F0D1}.Debug|Any CPU.ActiveCfg = Debug|Any CPU
		{D6CCA20D-8333-4396-8141-695813F6F0D1}.Debug|Any CPU.Build.0 = Debug|Any CPU
		{D6CCA20D-8333-4396-8141-695813F6F0D1}.Release|Any CPU.ActiveCfg = Release|Any CPU
		{D6CCA20D-8333-4396-8141-695813F6F0D1}.Release|Any CPU.Build.0 = Release|Any CPU
		{F8A96BA7-CEE4-4B2F-A1F8-D904441DD8F0}.Debug|Any CPU.ActiveCfg = Debug|Any CPU
		{F8A96BA7-CEE4-4B2F-A1F8-D904441DD8F0}.Debug|Any CPU.Build.0 = Debug|Any CPU
		{F8A96BA7-CEE4-4B2F-A1F8-D904441DD8F0}.Release|Any CPU.ActiveCfg = Release|Any CPU
		{F8A96BA7-CEE4-4B2F-A1F8-D904441DD8F0}.Release|Any CPU.Build.0 = Release|Any CPU
		{7316D4E1-9158-43AD-83C2-D86D6886A23C}.Debug|Any CPU.ActiveCfg = Debug|Any CPU
		{7316D4E1-9158-43AD-83C2-D86D6886A23C}.Debug|Any CPU.Build.0 = Debug|Any CPU
		{7316D4E1-9158-43AD-83C2-D86D6886A23C}.Release|Any CPU.ActiveCfg = Release|Any CPU
		{7316D4E1-9158-43AD-83C2-D86D6886A23C}.Release|Any CPU.Build.0 = Release|Any CPU
		{C3ED07ED-1855-4CE2-9474-3B668479E1FB}.Debug|Any CPU.ActiveCfg = Debug|Any CPU
		{C3ED07ED-1855-4CE2-9474-3B668479E1FB}.Debug|Any CPU.Build.0 = Debug|Any CPU
		{C3ED07ED-1855-4CE2-9474-3B668479E1FB}.Release|Any CPU.ActiveCfg = Release|Any CPU
		{C3ED07ED-1855-4CE2-9474-3B668479E1FB}.Release|Any CPU.Build.0 = Release|Any CPU
		{042D852D-C461-4FBE-9F41-B99349AF8FEC}.Debug|Any CPU.ActiveCfg = Debug|Any CPU
		{042D852D-C461-4FBE-9F41-B99349AF8FEC}.Debug|Any CPU.Build.0 = Debug|Any CPU
		{042D852D-C461-4FBE-9F41-B99349AF8FEC}.Release|Any CPU.ActiveCfg = Release|Any CPU
		{042D852D-C461-4FBE-9F41-B99349AF8FEC}.Release|Any CPU.Build.0 = Release|Any CPU
	EndGlobalSection
	GlobalSection(SolutionProperties) = preSolution
		HideSolutionNode = FALSE
	EndGlobalSection
	GlobalSection(ExtensibilityGlobals) = postSolution
		SolutionGuid = {D70F415B-95FB-46E7-A13F-5FA6E7EC4CCF}
	EndGlobalSection
EndGlobal
